
Microsoft Visual Studio Solution File, Format Version 12.00
# Visual Studio Version 17
VisualStudioVersion = 17.0.31919.166
MinimumVisualStudioVersion = 10.0.40219.1
Project("{FAE04EC0-301F-11D3-BF4B-00C04F79EFBC}") = "RiceAgentManageSystem", "RiceAgentManageSystem\RiceAgentManageSystem.csproj", "{446E2E26-70EC-4034-9AE1-65A8E42C8697}"
EndProject
Project("{FAE04EC0-301F-11D3-BF4B-00C04F79EFBC}") = "RiceAgentManageSystemTests", "RiceAgentManageSystemTests\RiceAgentManageSystemTests.csproj", "{C1901134-82EA-463E-8498-1A141D7C0F69}"
EndProject
Project("{FAE04EC0-301F-11D3-BF4B-00C04F79EFBC}") = "RiceAgentWebsite", "..\RiceAgentWebsite\RiceAgentWebsite\RiceAgentWebsite.csproj", "{0E795A18-36BA-4AC3-91CA-4E0D983D043E}"
EndProject
Global
	GlobalSection(SolutionConfigurationPlatforms) = preSolution
		Debug|Any CPU = Debug|Any CPU
		Release|Any CPU = Release|Any CPU
	EndGlobalSection
	GlobalSection(ProjectConfigurationPlatforms) = postSolution
		{446E2E26-70EC-4034-9AE1-65A8E42C8697}.Debug|Any CPU.ActiveCfg = Debug|Any CPU
		{446E2E26-70EC-4034-9AE1-65A8E42C8697}.Debug|Any CPU.Build.0 = Debug|Any CPU
		{446E2E26-70EC-4034-9AE1-65A8E42C8697}.Release|Any CPU.ActiveCfg = Release|Any CPU
		{446E2E26-70EC-4034-9AE1-65A8E42C8697}.Release|Any CPU.Build.0 = Release|Any CPU
		{C1901134-82EA-463E-8498-1A141D7C0F69}.Debug|Any CPU.ActiveCfg = Debug|Any CPU
		{C1901134-82EA-463E-8498-1A141D7C0F69}.Debug|Any CPU.Build.0 = Debug|Any CPU
		{C1901134-82EA-463E-8498-1A141D7C0F69}.Release|Any CPU.ActiveCfg = Release|Any CPU
		{C1901134-82EA-463E-8498-1A141D7C0F69}.Release|Any CPU.Build.0 = Release|Any CPU
		{0E795A18-36BA-4AC3-91CA-4E0D983D043E}.Debug|Any CPU.ActiveCfg = Debug|Any CPU
		{0E795A18-36BA-4AC3-91CA-4E0D983D043E}.Debug|Any CPU.Build.0 = Debug|Any CPU
		{0E795A18-36BA-4AC3-91CA-4E0D983D043E}.Release|Any CPU.ActiveCfg = Release|Any CPU
		{0E795A18-36BA-4AC3-91CA-4E0D983D043E}.Release|Any CPU.Build.0 = Release|Any CPU
	EndGlobalSection
	GlobalSection(SolutionProperties) = preSolution
		HideSolutionNode = FALSE
	EndGlobalSection
	GlobalSection(ExtensibilityGlobals) = postSolution
		SolutionGuid = {77C7A041-0104-4ABE-AC90-3E475B3FB043}
	EndGlobalSection
EndGlobal
